
Microsoft Visual Studio Solution File, Format Version 12.00
# Visual Studio 15
VisualStudioVersion = 15.0.28307.168
MinimumVisualStudioVersion = 10.0.40219.1
Project("{FAE04EC0-301F-11D3-BF4B-00C04F79EFBC}") = "닷net_20140618_이배현", "닷net_20140618_이배현\닷net_20140618_이배현.csproj", "{A0AF9C87-097B-4B60-AC2A-70634B3E02FC}"
EndProject
Global
	GlobalSection(SolutionConfigurationPlatforms) = preSolution
		Debug|Any CPU = Debug|Any CPU
		Release|Any CPU = Release|Any CPU
	EndGlobalSection
	GlobalSection(ProjectConfigurationPlatforms) = postSolution
		{A0AF9C87-097B-4B60-AC2A-70634B3E02FC}.Debug|Any CPU.ActiveCfg = Debug|Any CPU
		{A0AF9C87-097B-4B60-AC2A-70634B3E02FC}.Debug|Any CPU.Build.0 = Debug|Any CPU
		{A0AF9C87-097B-4B60-AC2A-70634B3E02FC}.Release|Any CPU.ActiveCfg = Release|Any CPU
		{A0AF9C87-097B-4B60-AC2A-70634B3E02FC}.Release|Any CPU.Build.0 = Release|Any CPU
	EndGlobalSection
	GlobalSection(SolutionProperties) = preSolution
		HideSolutionNode = FALSE
	EndGlobalSection
	GlobalSection(ExtensibilityGlobals) = postSolution
		SolutionGuid = {57E68A37-1B39-4582-A8A5-D528CA22D412}
	EndGlobalSection
EndGlobal
